// !$*UTF8*$!
{
	archiveVersion = 1;
	classes = {
	};
	objectVersion = 50;
	objects = {

/* Begin PBXBuildFile section */
		8F59A49122843CC600D68657 /* AppDelegate.swift in Sources */ = {isa = PBXBuildFile; fileRef = 8F59A49022843CC600D68657 /* AppDelegate.swift */; };
		8F59A49322843CC600D68657 /* ViewController.swift in Sources */ = {isa = PBXBuildFile; fileRef = 8F59A49222843CC600D68657 /* ViewController.swift */; };
		8F59A49622843CC600D68657 /* Main.storyboard in Resources */ = {isa = PBXBuildFile; fileRef = 8F59A49422843CC600D68657 /* Main.storyboard */; };
		8F59A49922843CC600D68657 /* BridgingDemo.xcdatamodeld in Sources */ = {isa = PBXBuildFile; fileRef = 8F59A49722843CC600D68657 /* BridgingDemo.xcdatamodeld */; };
		8F59A49B22843CC700D68657 /* Assets.xcassets in Resources */ = {isa = PBXBuildFile; fileRef = 8F59A49A22843CC700D68657 /* Assets.xcassets */; };
		8F59A49E22843CC700D68657 /* LaunchScreen.storyboard in Resources */ = {isa = PBXBuildFile; fileRef = 8F59A49C22843CC700D68657 /* LaunchScreen.storyboard */; };
		8F59A4A722843CF500D68657 /* ClassA.m in Sources */ = {isa = PBXBuildFile; fileRef = 8F59A4A622843CF500D68657 /* ClassA.m */; };
/* End PBXBuildFile section */

/* Begin PBXFileReference section */
		8F59A48D22843CC600D68657 /* BridgingDemo.app */ = {isa = PBXFileReference; explicitFileType = wrapper.application; includeInIndex = 0; path = BridgingDemo.app; sourceTree = BUILT_PRODUCTS_DIR; };
		8F59A49022843CC600D68657 /* AppDelegate.swift */ = {isa = PBXFileReference; lastKnownFileType = sourcecode.swift; path = AppDelegate.swift; sourceTree = "<group>"; };
		8F59A49222843CC600D68657 /* ViewController.swift */ = {isa = PBXFileReference; lastKnownFileType = sourcecode.swift; path = ViewController.swift; sourceTree = "<group>"; };
		8F59A49522843CC600D68657 /* Base */ = {isa = PBXFileReference; lastKnownFileType = file.storyboard; name = Base; path = Base.lproj/Main.storyboard; sourceTree = "<group>"; };
		8F59A49822843CC600D68657 /* BridgingDemo.xcdatamodel */ = {isa = PBXFileReference; lastKnownFileType = wrapper.xcdatamodel; path = BridgingDemo.xcdatamodel; sourceTree = "<group>"; };
		8F59A49A22843CC700D68657 /* Assets.xcassets */ = {isa = PBXFileReference; lastKnownFileType = folder.assetcatalog; path = Assets.xcassets; sourceTree = "<group>"; };
		8F59A49D22843CC700D68657 /* Base */ = {isa = PBXFileReference; lastKnownFileType = file.storyboard; name = Base; path = Base.lproj/LaunchScreen.storyboard; sourceTree = "<group>"; };
		8F59A49F22843CC700D68657 /* Info.plist */ = {isa = PBXFileReference; lastKnownFileType = text.plist.xml; path = Info.plist; sourceTree = "<group>"; };
		8F59A4A522843CF500D68657 /* BridgingDemo-Bridging-Header.h */ = {isa = PBXFileReference; lastKnownFileType = sourcecode.c.h; path = "BridgingDemo-Bridging-Header.h"; sourceTree = "<group>"; };
		8F59A4A622843CF500D68657 /* ClassA.m */ = {isa = PBXFileReference; lastKnownFileType = sourcecode.c.objc; path = ClassA.m; sourceTree = "<group>"; };
		8F59A4A922843D1B00D68657 /* ClassA.h */ = {isa = PBXFileReference; lastKnownFileType = sourcecode.c.h; path = ClassA.h; sourceTree = "<group>"; };
/* End PBXFileReference section */

/* Begin PBXFrameworksBuildPhase section */
		8F59A48A22843CC600D68657 /* Frameworks */ = {
			isa = PBXFrameworksBuildPhase;
			buildActionMask = 2147483647;
			files = (
			);
			runOnlyForDeploymentPostprocessing = 0;
		};
/* End PBXFrameworksBuildPhase section */

/* Begin PBXGroup section */
		8F59A48422843CC600D68657 = {
			isa = PBXGroup;
			children = (
				8F59A48F22843CC600D68657 /* BridgingDemo */,
				8F59A48E22843CC600D68657 /* Products */,
			);
			sourceTree = "<group>";
		};
		8F59A48E22843CC600D68657 /* Products */ = {
			isa = PBXGroup;
			children = (
				8F59A48D22843CC600D68657 /* BridgingDemo.app */,
			);
			name = Products;
			sourceTree = "<group>";
		};
		8F59A48F22843CC600D68657 /* BridgingDemo */ = {
			isa = PBXGroup;
			children = (
				8F59A49022843CC600D68657 /* AppDelegate.swift */,
				8F59A49222843CC600D68657 /* ViewController.swift */,
				8F59A49422843CC600D68657 /* Main.storyboard */,
				8F59A49A22843CC700D68657 /* Assets.xcassets */,
				8F59A49C22843CC700D68657 /* LaunchScreen.storyboard */,
				8F59A49F22843CC700D68657 /* Info.plist */,
				8F59A49722843CC600D68657 /* BridgingDemo.xcdatamodeld */,
				8F59A4A622843CF500D68657 /* ClassA.m */,
				8F59A4A522843CF500D68657 /* BridgingDemo-Bridging-Header.h */,
				8F59A4A922843D1B00D68657 /* ClassA.h */,
			);
			path = BridgingDemo;
			sourceTree = "<group>";
		};
/* End PBXGroup section */

/* Begin PBXNativeTarget section */
		8F59A48C22843CC600D68657 /* BridgingDemo */ = {
			isa = PBXNativeTarget;
			buildConfigurationList = 8F59A4A222843CC700D68657 /* Build configuration list for PBXNativeTarget "BridgingDemo" */;
			buildPhases = (
				8F59A48922843CC600D68657 /* Sources */,
				8F59A48A22843CC600D68657 /* Frameworks */,
				8F59A48B22843CC600D68657 /* Resources */,
			);
			buildRules = (
			);
			dependencies = (
			);
			name = BridgingDemo;
			productName = BridgingDemo;
			productReference = 8F59A48D22843CC600D68657 /* BridgingDemo.app */;
			productType = "com.apple.product-type.application";
		};
/* End PBXNativeTarget section */

/* Begin PBXProject section */
		8F59A48522843CC600D68657 /* Project object */ = {
			isa = PBXProject;
			attributes = {
				LastSwiftUpdateCheck = 1010;
				LastUpgradeCheck = 1010;
				ORGANIZATIONNAME = iti;
				TargetAttributes = {
					8F59A48C22843CC600D68657 = {
						CreatedOnToolsVersion = 10.1;
						LastSwiftMigration = 1010;
					};
				};
			};
			buildConfigurationList = 8F59A48822843CC600D68657 /* Build configuration list for PBXProject "BridgingDemo" */;
			compatibilityVersion = "Xcode 9.3";
			developmentRegion = en;
			hasScannedForEncodings = 0;
			knownRegions = (
				en,
				Base,
			);
			mainGroup = 8F59A48422843CC600D68657;
			productRefGroup = 8F59A48E22843CC600D68657 /* Products */;
			projectDirPath = "";
			projectRoot = "";
			targets = (
				8F59A48C22843CC600D68657 /* BridgingDemo */,
			);
		};
/* End PBXProject section */

/* Begin PBXResourcesBuildPhase section */
		8F59A48B22843CC600D68657 /* Resources */ = {
			isa = PBXResourcesBuildPhase;
			buildActionMask = 2147483647;
			files = (
				8F59A49E22843CC700D68657 /* LaunchScreen.storyboard in Resources */,
				8F59A49B22843CC700D68657 /* Assets.xcassets in Resources */,
				8F59A49622843CC600D68657 /* Main.storyboard in Resources */,
			);
			runOnlyForDeploymentPostprocessing = 0;
		};
/* End PBXResourcesBuildPhase section */

/* Begin PBXSourcesBuildPhase section */
		8F59A48922843CC600D68657 /* Sources */ = {
			isa = PBXSourcesBuildPhase;
			buildActionMask = 2147483647;
			files = (
				8F59A49322843CC600D68657 /* ViewController.swift in Sources */,
				8F59A49122843CC600D68657 /* AppDelegate.swift in Sources */,
				8F59A4A722843CF500D68657 /* ClassA.m in Sources */,
				8F59A49922843CC600D68657 /* BridgingDemo.xcdatamodeld in Sources */,
			);
			runOnlyForDeploymentPostprocessing = 0;
		};
/* End PBXSourcesBuildPhase section */

/* Begin PBXVariantGroup section */
		8F59A49422843CC600D68657 /* Main.storyboard */ = {
			isa = PBXVariantGroup;
			children = (
				8F59A49522843CC600D68657 /* Base */,
			);
			name = Main.storyboard;
			sourceTree = "<group>";
		};
		8F59A49C22843CC700D68657 /* LaunchScreen.storyboard */ = {
			isa = PBXVariantGroup;
			children = (
				8F59A49D22843CC700D68657 /* Base */,
			);
			name = LaunchScreen.storyboard;
			sourceTree = "<group>";
		};
/* End PBXVariantGroup section */

/* Begin XCBuildConfiguration section */
		8F59A4A022843CC700D68657 /* Debug */ = {
			isa = XCBuildConfiguration;
			buildSettings = {
				ALWAYS_SEARCH_USER_PATHS = NO;
				CLANG_ANALYZER_NONNULL = YES;
				CLANG_ANALYZER_NUMBER_OBJECT_CONVERSION = YES_AGGRESSIVE;
				CLANG_CXX_LANGUAGE_STANDARD = "gnu++14";
				CLANG_CXX_LIBRARY = "libc++";
				CLANG_ENABLE_MODULES = YES;
				CLANG_ENABLE_OBJC_ARC = YES;
				CLANG_ENABLE_OBJC_WEAK = YES;
				CLANG_WARN_BLOCK_CAPTURE_AUTORELEASING = YES;
				CLANG_WARN_BOOL_CONVERSION = YES;
				CLANG_WARN_COMMA = YES;
				CLANG_WARN_CONSTANT_CONVERSION = YES;
				CLANG_WARN_DEPRECATED_OBJC_IMPLEMENTATIONS = YES;
				CLANG_WARN_DIRECT_OBJC_ISA_USAGE = YES_ERROR;
				CLANG_WARN_DOCUMENTATION_COMMENTS = YES;
				CLANG_WARN_EMPTY_BODY = YES;
				CLANG_WARN_ENUM_CONVERSION = YES;
				CLANG_WARN_INFINITE_RECURSION = YES;
				CLANG_WARN_INT_CONVERSION = YES;
				CLANG_WARN_NON_LITERAL_NULL_CONVERSION = YES;
				CLANG_WARN_OBJC_IMPLICIT_RETAIN_SELF = YES;
				CLANG_WARN_OBJC_LITERAL_CONVERSION = YES;
				CLANG_WARN_OBJC_ROOT_CLASS = YES_ERROR;
				CLANG_WARN_RANGE_LOOP_ANALYSIS = YES;
				CLANG_WARN_STRICT_PROTOTYPES = YES;
				CLANG_WARN_SUSPICIOUS_MOVE = YES;
				CLANG_WARN_UNGUARDED_AVAILABILITY = YES_AGGRESSIVE;
				CLANG_WARN_UNREACHABLE_CODE = YES;
				CLANG_WARN__DUPLICATE_METHOD_MATCH = YES;
				CODE_SIGN_IDENTITY = "iPhone Developer";
				COPY_PHASE_STRIP = NO;
				DEBUG_INFORMATION_FORMAT = dwarf;
				ENABLE_STRICT_OBJC_MSGSEND = YES;
				ENABLE_TESTABILITY = YES;
				GCC_C_LANGUAGE_STANDARD = gnu11;
				GCC_DYNAMIC_NO_PIC = NO;
				GCC_NO_COMMON_BLOCKS = YES;
				GCC_OPTIMIZATION_LEVEL = 0;
				GCC_PREPROCESSOR_DEFINITIONS = (
					"DEBUG=1",
					"$(inherited)",
				);
				GCC_WARN_64_TO_32_BIT_CONVERSION = YES;
				GCC_WARN_ABOUT_RETURN_TYPE = YES_ERROR;
				GCC_WARN_UNDECLARED_SELECTOR = YES;
				GCC_WARN_UNINITIALIZED_AUTOS = YES_AGGRESSIVE;
				GCC_WARN_UNUSED_FUNCTION = YES;
				GCC_WARN_UNUSED_VARIABLE = YES;
				IPHONEOS_DEPLOYMENT_TARGET = 12.1;
				MTL_ENABLE_DEBUG_INFO = INCLUDE_SOURCE;
				MTL_FAST_MATH = YES;
				ONLY_ACTIVE_ARCH = YES;
				SDKROOT = iphoneos;
				SWIFT_ACTIVE_COMPILATION_CONDITIONS = DEBUG;
				SWIFT_OPTIMIZATION_LEVEL = "-Onone";
			};
			name = Debug;
		};
		8F59A4A122843CC700D68657 /* Release */ = {
			isa = XCBuildConfiguration;
			buildSettings = {
				ALWAYS_SEARCH_USER_PATHS = NO;
				CLANG_ANALYZER_NONNULL = YES;
				CLANG_ANALYZER_NUMBER_OBJECT_CONVERSION = YES_AGGRESSIVE;
				CLANG_CXX_LANGUAGE_STANDARD = "gnu++14";
				CLANG_CXX_LIBRARY = "libc++";
				CLANG_ENABLE_MODULES = YES;
				CLANG_ENABLE_OBJC_ARC = YES;
				CLANG_ENABLE_OBJC_WEAK = YES;
				CLANG_WARN_BLOCK_CAPTURE_AUTORELEASING = YES;
				CLANG_WARN_BOOL_CONVERSION = YES;
				CLANG_WARN_COMMA = YES;
				CLANG_WARN_CONSTANT_CONVERSION = YES;
				CLANG_WARN_DEPRECATED_OBJC_IMPLEMENTATIONS = YES;
				CLANG_WARN_DIRECT_OBJC_ISA_USAGE = YES_ERROR;
				CLANG_WARN_DOCUMENTATION_COMMENTS = YES;
				CLANG_WARN_EMPTY_BODY = YES;
				CLANG_WARN_ENUM_CONVERSION = YES;
				CLANG_WARN_INFINITE_RECURSION = YES;
				CLANG_WARN_INT_CONVERSION = YES;
				CLANG_WARN_NON_LITERAL_NULL_CONVERSION = YES;
				CLANG_WARN_OBJC_IMPLICIT_RETAIN_SELF = YES;
				CLANG_WARN_OBJC_LITERAL_CONVERSION = YES;
				CLANG_WARN_OBJC_ROOT_CLASS = YES_ERROR;
				CLANG_WARN_RANGE_LOOP_ANALYSIS = YES;
				CLANG_WARN_STRICT_PROTOTYPES = YES;
				CLANG_WARN_SUSPICIOUS_MOVE = YES;
				CLANG_WARN_UNGUARDED_AVAILABILITY = YES_AGGRESSIVE;
				CLANG_WARN_UNREACHABLE_CODE = YES;
				CLANG_WARN__DUPLICATE_METHOD_MATCH = YES;
				CODE_SIGN_IDENTITY = "iPhone Developer";
				COPY_PHASE_STRIP = NO;
				DEBUG_INFORMATION_FORMAT = "dwarf-with-dsym";
				ENABLE_NS_ASSERTIONS = NO;
				ENABLE_STRICT_OBJC_MSGSEND = YES;
				GCC_C_LANGUAGE_STANDARD = gnu11;
				GCC_NO_COMMON_BLOCKS = YES;
				GCC_WARN_64_TO_32_BIT_CONVERSION = YES;
				GCC_WARN_ABOUT_RETURN_TYPE = YES_ERROR;
				GCC_WARN_UNDECLARED_SELECTOR = YES;
				GCC_WARN_UNINITIALIZED_AUTOS = YES_AGGRESSIVE;
				GCC_WARN_UNUSED_FUNCTION = YES;
				GCC_WARN_UNUSED_VARIABLE = YES;
				IPHONEOS_DEPLOYMENT_TARGET = 12.1;
				MTL_ENABLE_DEBUG_INFO = NO;
				MTL_FAST_MATH = YES;
				SDKROOT = iphoneos;
				SWIFT_COMPILATION_MODE = wholemodule;
				SWIFT_OPTIMIZATION_LEVEL = "-O";
				VALIDATE_PRODUCT = YES;
			};
			name = Release;
		};
		8F59A4A322843CC700D68657 /* Debug */ = {
			isa = XCBuildConfiguration;
			buildSettings = {
				ASSETCATALOG_COMPILER_APPICON_NAME = AppIcon;
				CLANG_ENABLE_MODULES = YES;
				CODE_SIGN_STYLE = Automatic;
				INFOPLIST_FILE = BridgingDemo/Info.plist;
				LD_RUNPATH_SEARCH_PATHS = (
					"$(inherited)",
					"@executable_path/Frameworks",
				);
				PRODUCT_BUNDLE_IDENTIFIER = JETS.BridgingDemo;
				PRODUCT_NAME = "$(TARGET_NAME)";
				SWIFT_OBJC_BRIDGING_HEADER = "BridgingDemo/BridgingDemo-Bridging-Header.h";
				SWIFT_OPTIMIZATION_LEVEL = "-Onone";
				SWIFT_VERSION = 4.2;
				TARGETED_DEVICE_FAMILY = "1,2";
			};
			name = Debug;
		};
		8F59A4A422843CC700D68657 /* Release */ = {
			isa = XCBuildConfiguration;
			buildSettings = {
				ASSETCATALOG_COMPILER_APPICON_NAME = AppIcon;
				CLANG_ENABLE_MODULES = YES;
				CODE_SIGN_STYLE = Automatic;
				INFOPLIST_FILE = BridgingDemo/Info.plist;
				LD_RUNPATH_SEARCH_PATHS = (
					"$(inherited)",
					"@executable_path/Frameworks",
				);
				PRODUCT_BUNDLE_IDENTIFIER = JETS.BridgingDemo;
				PRODUCT_NAME = "$(TARGET_NAME)";
				SWIFT_OBJC_BRIDGING_HEADER = "BridgingDemo/BridgingDemo-Bridging-Header.h";
				SWIFT_VERSION = 4.2;
				TARGETED_DEVICE_FAMILY = "1,2";
			};
			name = Release;
		};
/* End XCBuildConfiguration section */

/* Begin XCConfigurationList section */
		8F59A48822843CC600D68657 /* Build configuration list for PBXProject "BridgingDemo" */ = {
			isa = XCConfigurationList;
			buildConfigurations = (
				8F59A4A022843CC700D68657 /* Debug */,
				8F59A4A122843CC700D68657 /* Release */,
			);
			defaultConfigurationIsVisible = 0;
			defaultConfigurationName = Release;
		};
		8F59A4A222843CC700D68657 /* Build configuration list for PBXNativeTarget "BridgingDemo" */ = {
			isa = XCConfigurationList;
			buildConfigurations = (
				8F59A4A322843CC700D68657 /* Debug */,
				8F59A4A422843CC700D68657 /* Release */,
			);
			defaultConfigurationIsVisible = 0;
			defaultConfigurationName = Release;
		};
/* End XCConfigurationList section */

/* Begin XCVersionGroup section */
		8F59A49722843CC600D68657 /* BridgingDemo.xcdatamodeld */ = {
			isa = XCVersionGroup;
			children = (
				8F59A49822843CC600D68657 /* BridgingDemo.xcdatamodel */,
			);
			currentVersion = 8F59A49822843CC600D68657 /* BridgingDemo.xcdatamodel */;
			path = BridgingDemo.xcdatamodeld;
			sourceTree = "<group>";
			versionGroupType = wrapper.xcdatamodel;
		};
/* End XCVersionGroup section */
	};
	rootObject = 8F59A48522843CC600D68657 /* Project object */;
}
